
Microsoft Visual Studio Solution File, Format Version 12.00
# Visual Studio 14
VisualStudioVersion = 14.0.25123.0
MinimumVisualStudioVersion = 10.0.40219.1
Project("{F2A71F9B-5D33-465A-A702-920D77279786}") = "FSharpDotEnv", "FSharpDotEnv.fsproj", "{EFE14573-1621-4FB0-AC9F-9C3378EC478D}"
EndProject
Global
	GlobalSection(SolutionConfigurationPlatforms) = preSolution
		Debug|Any CPU = Debug|Any CPU
		Release|Any CPU = Release|Any CPU
	EndGlobalSection
	GlobalSection(ProjectConfigurationPlatforms) = postSolution
		{EFE14573-1621-4FB0-AC9F-9C3378EC478D}.Debug|Any CPU.ActiveCfg = Debug|Any CPU
		{EFE14573-1621-4FB0-AC9F-9C3378EC478D}.Debug|Any CPU.Build.0 = Debug|Any CPU
		{EFE14573-1621-4FB0-AC9F-9C3378EC478D}.Release|Any CPU.ActiveCfg = Release|Any CPU
		{EFE14573-1621-4FB0-AC9F-9C3378EC478D}.Release|Any CPU.Build.0 = Release|Any CPU
	EndGlobalSection
	GlobalSection(SolutionProperties) = preSolution
		HideSolutionNode = FALSE
	EndGlobalSection
EndGlobal
